
Microsoft Visual Studio Solution File, Format Version 12.00
# Visual Studio Version 17
VisualStudioVersion = 17.5.33530.505
MinimumVisualStudioVersion = 10.0.40219.1
Project("{FAE04EC0-301F-11D3-BF4B-00C04F79EFBC}") = "MidiDeviceBroker", "MidiDeviceBroker\MidiDeviceBroker.csproj", "{864C34CA-208E-404C-82BC-C38D430566CB}"
EndProject
Global
	GlobalSection(SolutionConfigurationPlatforms) = preSolution
		Debug|Any CPU = Debug|Any CPU
		Release|Any CPU = Release|Any CPU
	EndGlobalSection
	GlobalSection(ProjectConfigurationPlatforms) = postSolution
		{864C34CA-208E-404C-82BC-C38D430566CB}.Debug|Any CPU.ActiveCfg = Debug|Any CPU
		{864C34CA-208E-404C-82BC-C38D430566CB}.Debug|Any CPU.Build.0 = Debug|Any CPU
		{864C34CA-208E-404C-82BC-C38D430566CB}.Release|Any CPU.ActiveCfg = Release|Any CPU
		{864C34CA-208E-404C-82BC-C38D430566CB}.Release|Any CPU.Build.0 = Release|Any CPU
	EndGlobalSection
	GlobalSection(SolutionProperties) = preSolution
		HideSolutionNode = FALSE
	EndGlobalSection
	GlobalSection(ExtensibilityGlobals) = postSolution
		SolutionGuid = {BFE4D408-CA42-4839-8C9F-6F90B074E4A7}
	EndGlobalSection
EndGlobal
